// !$*UTF8*$!
{
	archiveVersion = 1;
	classes = {
	};
	objectVersion = 50;
	objects = {

/* Begin PBXBuildFile section */
		B0112700255AC65B008661BA /* ship.scn in Resources */ = {isa = PBXBuildFile; fileRef = B01126FF255AC65B008661BA /* ship.scn */; };
		B012EA2D2559966300833672 /* AppDelegate.swift in Sources */ = {isa = PBXBuildFile; fileRef = B012EA2C2559966300833672 /* AppDelegate.swift */; };
		B012EA2F2559966300833672 /* art.scnassets in Resources */ = {isa = PBXBuildFile; fileRef = B012EA2E2559966300833672 /* art.scnassets */; };
		B012EA312559966300833672 /* ViewController.swift in Sources */ = {isa = PBXBuildFile; fileRef = B012EA302559966300833672 /* ViewController.swift */; };
		B012EA342559966300833672 /* Main.storyboard in Resources */ = {isa = PBXBuildFile; fileRef = B012EA322559966300833672 /* Main.storyboard */; };
		B012EA362559966400833672 /* Assets.xcassets in Resources */ = {isa = PBXBuildFile; fileRef = B012EA352559966400833672 /* Assets.xcassets */; };
		B012EA392559966400833672 /* LaunchScreen.storyboard in Resources */ = {isa = PBXBuildFile; fileRef = B012EA372559966400833672 /* LaunchScreen.storyboard */; };
		B012EA442559966400833672 /* SlidAR11_0Tests.swift in Sources */ = {isa = PBXBuildFile; fileRef = B012EA432559966400833672 /* SlidAR11_0Tests.swift */; };
		B012EA4F2559966400833672 /* SlidAR11_0UITests.swift in Sources */ = {isa = PBXBuildFile; fileRef = B012EA4E2559966400833672 /* SlidAR11_0UITests.swift */; };
/* End PBXBuildFile section */

/* Begin PBXContainerItemProxy section */
		B012EA402559966400833672 /* PBXContainerItemProxy */ = {
			isa = PBXContainerItemProxy;
			containerPortal = B012EA212559966300833672 /* Project object */;
			proxyType = 1;
			remoteGlobalIDString = B012EA282559966300833672;
			remoteInfo = SlidAR11.0;
		};
		B012EA4B2559966400833672 /* PBXContainerItemProxy */ = {
			isa = PBXContainerItemProxy;
			containerPortal = B012EA212559966300833672 /* Project object */;
			proxyType = 1;
			remoteGlobalIDString = B012EA282559966300833672;
			remoteInfo = SlidAR11.0;
		};
/* End PBXContainerItemProxy section */

/* Begin PBXFileReference section */
		B01126FF255AC65B008661BA /* ship.scn */ = {isa = PBXFileReference; lastKnownFileType = file.bplist; path = ship.scn; sourceTree = "<group>"; };
		B012EA292559966300833672 /* SlidAR11.0.app */ = {isa = PBXFileReference; explicitFileType = wrapper.application; includeInIndex = 0; path = SlidAR11.0.app; sourceTree = BUILT_PRODUCTS_DIR; };
		B012EA2C2559966300833672 /* AppDelegate.swift */ = {isa = PBXFileReference; lastKnownFileType = sourcecode.swift; path = AppDelegate.swift; sourceTree = "<group>"; };
		B012EA2E2559966300833672 /* art.scnassets */ = {isa = PBXFileReference; lastKnownFileType = wrapper.scnassets; path = art.scnassets; sourceTree = "<group>"; };
		B012EA302559966300833672 /* ViewController.swift */ = {isa = PBXFileReference; lastKnownFileType = sourcecode.swift; path = ViewController.swift; sourceTree = "<group>"; };
		B012EA332559966300833672 /* Base */ = {isa = PBXFileReference; lastKnownFileType = file.storyboard; name = Base; path = Base.lproj/Main.storyboard; sourceTree = "<group>"; };
		B012EA352559966400833672 /* Assets.xcassets */ = {isa = PBXFileReference; lastKnownFileType = folder.assetcatalog; path = Assets.xcassets; sourceTree = "<group>"; };
		B012EA382559966400833672 /* Base */ = {isa = PBXFileReference; lastKnownFileType = file.storyboard; name = Base; path = Base.lproj/LaunchScreen.storyboard; sourceTree = "<group>"; };
		B012EA3A2559966400833672 /* Info.plist */ = {isa = PBXFileReference; lastKnownFileType = text.plist.xml; path = Info.plist; sourceTree = "<group>"; };
		B012EA3F2559966400833672 /* SlidAR11.0Tests.xctest */ = {isa = PBXFileReference; explicitFileType = wrapper.cfbundle; includeInIndex = 0; path = SlidAR11.0Tests.xctest; sourceTree = BUILT_PRODUCTS_DIR; };
		B012EA432559966400833672 /* SlidAR11_0Tests.swift */ = {isa = PBXFileReference; lastKnownFileType = sourcecode.swift; path = SlidAR11_0Tests.swift; sourceTree = "<group>"; };
		B012EA452559966400833672 /* Info.plist */ = {isa = PBXFileReference; lastKnownFileType = text.plist.xml; path = Info.plist; sourceTree = "<group>"; };
		B012EA4A2559966400833672 /* SlidAR11.0UITests.xctest */ = {isa = PBXFileReference; explicitFileType = wrapper.cfbundle; includeInIndex = 0; path = SlidAR11.0UITests.xctest; sourceTree = BUILT_PRODUCTS_DIR; };
		B012EA4E2559966400833672 /* SlidAR11_0UITests.swift */ = {isa = PBXFileReference; lastKnownFileType = sourcecode.swift; path = SlidAR11_0UITests.swift; sourceTree = "<group>"; };
		B012EA502559966400833672 /* Info.plist */ = {isa = PBXFileReference; lastKnownFileType = text.plist.xml; path = Info.plist; sourceTree = "<group>"; };
/* End PBXFileReference section */

/* Begin PBXFrameworksBuildPhase section */
		B012EA262559966300833672 /* Frameworks */ = {
			isa = PBXFrameworksBuildPhase;
			buildActionMask = 2147483647;
			files = (
			);
			runOnlyForDeploymentPostprocessing = 0;
		};
		B012EA3C2559966400833672 /* Frameworks */ = {
			isa = PBXFrameworksBuildPhase;
			buildActionMask = 2147483647;
			files = (
			);
			runOnlyForDeploymentPostprocessing = 0;
		};
		B012EA472559966400833672 /* Frameworks */ = {
			isa = PBXFrameworksBuildPhase;
			buildActionMask = 2147483647;
			files = (
			);
			runOnlyForDeploymentPostprocessing = 0;
		};
/* End PBXFrameworksBuildPhase section */

/* Begin PBXGroup section */
		B012EA202559966300833672 = {
			isa = PBXGroup;
			children = (
				B012EA2B2559966300833672 /* SlidAR11.0 */,
				B012EA422559966400833672 /* SlidAR11.0Tests */,
				B012EA4D2559966400833672 /* SlidAR11.0UITests */,
				B012EA2A2559966300833672 /* Products */,
			);
			sourceTree = "<group>";
		};
		B012EA2A2559966300833672 /* Products */ = {
			isa = PBXGroup;
			children = (
				B012EA292559966300833672 /* SlidAR11.0.app */,
				B012EA3F2559966400833672 /* SlidAR11.0Tests.xctest */,
				B012EA4A2559966400833672 /* SlidAR11.0UITests.xctest */,
			);
			name = Products;
			sourceTree = "<group>";
		};
		B012EA2B2559966300833672 /* SlidAR11.0 */ = {
			isa = PBXGroup;
			children = (
				B012EA2C2559966300833672 /* AppDelegate.swift */,
				B01126FF255AC65B008661BA /* ship.scn */,
				B012EA2E2559966300833672 /* art.scnassets */,
				B012EA302559966300833672 /* ViewController.swift */,
				B012EA322559966300833672 /* Main.storyboard */,
				B012EA352559966400833672 /* Assets.xcassets */,
				B012EA372559966400833672 /* LaunchScreen.storyboard */,
				B012EA3A2559966400833672 /* Info.plist */,
			);
			path = SlidAR11.0;
			sourceTree = "<group>";
		};
		B012EA422559966400833672 /* SlidAR11.0Tests */ = {
			isa = PBXGroup;
			children = (
				B012EA432559966400833672 /* SlidAR11_0Tests.swift */,
				B012EA452559966400833672 /* Info.plist */,
			);
			path = SlidAR11.0Tests;
			sourceTree = "<group>";
		};
		B012EA4D2559966400833672 /* SlidAR11.0UITests */ = {
			isa = PBXGroup;
			children = (
				B012EA4E2559966400833672 /* SlidAR11_0UITests.swift */,
				B012EA502559966400833672 /* Info.plist */,
			);
			path = SlidAR11.0UITests;
			sourceTree = "<group>";
		};
/* End PBXGroup section */

/* Begin PBXNativeTarget section */
		B012EA282559966300833672 /* SlidAR11.0 */ = {
			isa = PBXNativeTarget;
			buildConfigurationList = B012EA532559966400833672 /* Build configuration list for PBXNativeTarget "SlidAR11.0" */;
			buildPhases = (
				B012EA252559966300833672 /* Sources */,
				B012EA262559966300833672 /* Frameworks */,
				B012EA272559966300833672 /* Resources */,
			);
			buildRules = (
			);
			dependencies = (
			);
			name = SlidAR11.0;
			productName = SlidAR11.0;
			productReference = B012EA292559966300833672 /* SlidAR11.0.app */;
			productType = "com.apple.product-type.application";
		};
		B012EA3E2559966400833672 /* SlidAR11.0Tests */ = {
			isa = PBXNativeTarget;
			buildConfigurationList = B012EA562559966400833672 /* Build configuration list for PBXNativeTarget "SlidAR11.0Tests" */;
			buildPhases = (
				B012EA3B2559966400833672 /* Sources */,
				B012EA3C2559966400833672 /* Frameworks */,
				B012EA3D2559966400833672 /* Resources */,
			);
			buildRules = (
			);
			dependencies = (
				B012EA412559966400833672 /* PBXTargetDependency */,
			);
			name = SlidAR11.0Tests;
			productName = SlidAR11.0Tests;
			productReference = B012EA3F2559966400833672 /* SlidAR11.0Tests.xctest */;
			productType = "com.apple.product-type.bundle.unit-test";
		};
		B012EA492559966400833672 /* SlidAR11.0UITests */ = {
			isa = PBXNativeTarget;
			buildConfigurationList = B012EA592559966400833672 /* Build configuration list for PBXNativeTarget "SlidAR11.0UITests" */;
			buildPhases = (
				B012EA462559966400833672 /* Sources */,
				B012EA472559966400833672 /* Frameworks */,
				B012EA482559966400833672 /* Resources */,
			);
			buildRules = (
			);
			dependencies = (
				B012EA4C2559966400833672 /* PBXTargetDependency */,
			);
			name = SlidAR11.0UITests;
			productName = SlidAR11.0UITests;
			productReference = B012EA4A2559966400833672 /* SlidAR11.0UITests.xctest */;
			productType = "com.apple.product-type.bundle.ui-testing";
		};
/* End PBXNativeTarget section */

/* Begin PBXProject section */
		B012EA212559966300833672 /* Project object */ = {
			isa = PBXProject;
			attributes = {
				LastSwiftUpdateCheck = 1220;
				LastUpgradeCheck = 1220;
				TargetAttributes = {
					B012EA282559966300833672 = {
						CreatedOnToolsVersion = 12.2;
					};
					B012EA3E2559966400833672 = {
						CreatedOnToolsVersion = 12.2;
						TestTargetID = B012EA282559966300833672;
					};
					B012EA492559966400833672 = {
						CreatedOnToolsVersion = 12.2;
						TestTargetID = B012EA282559966300833672;
					};
				};
			};
			buildConfigurationList = B012EA242559966300833672 /* Build configuration list for PBXProject "SlidAR11.0" */;
			compatibilityVersion = "Xcode 9.3";
			developmentRegion = en;
			hasScannedForEncodings = 0;
			knownRegions = (
				en,
				Base,
			);
			mainGroup = B012EA202559966300833672;
			productRefGroup = B012EA2A2559966300833672 /* Products */;
			projectDirPath = "";
			projectRoot = "";
			targets = (
				B012EA282559966300833672 /* SlidAR11.0 */,
				B012EA3E2559966400833672 /* SlidAR11.0Tests */,
				B012EA492559966400833672 /* SlidAR11.0UITests */,
			);
		};
/* End PBXProject section */

/* Begin PBXResourcesBuildPhase section */
		B012EA272559966300833672 /* Resources */ = {
			isa = PBXResourcesBuildPhase;
			buildActionMask = 2147483647;
			files = (
				B0112700255AC65B008661BA /* ship.scn in Resources */,
				B012EA2F2559966300833672 /* art.scnassets in Resources */,
				B012EA392559966400833672 /* LaunchScreen.storyboard in Resources */,
				B012EA362559966400833672 /* Assets.xcassets in Resources */,
				B012EA342559966300833672 /* Main.storyboard in Resources */,
			);
			runOnlyForDeploymentPostprocessing = 0;
		};
		B012EA3D2559966400833672 /* Resources */ = {
			isa = PBXResourcesBuildPhase;
			buildActionMask = 2147483647;
			files = (
			);
			runOnlyForDeploymentPostprocessing = 0;
		};
		B012EA482559966400833672 /* Resources */ = {
			isa = PBXResourcesBuildPhase;
			buildActionMask = 2147483647;
			files = (
			);
			runOnlyForDeploymentPostprocessing = 0;
		};
/* End PBXResourcesBuildPhase section */

/* Begin PBXSourcesBuildPhase section */
		B012EA252559966300833672 /* Sources */ = {
			isa = PBXSourcesBuildPhase;
			buildActionMask = 2147483647;
			files = (
				B012EA312559966300833672 /* ViewController.swift in Sources */,
				B012EA2D2559966300833672 /* AppDelegate.swift in Sources */,
			);
			runOnlyForDeploymentPostprocessing = 0;
		};
		B012EA3B2559966400833672 /* Sources */ = {
			isa = PBXSourcesBuildPhase;
			buildActionMask = 2147483647;
			files = (
				B012EA442559966400833672 /* SlidAR11_0Tests.swift in Sources */,
			);
			runOnlyForDeploymentPostprocessing = 0;
		};
		B012EA462559966400833672 /* Sources */ = {
			isa = PBXSourcesBuildPhase;
			buildActionMask = 2147483647;
			files = (
				B012EA4F2559966400833672 /* SlidAR11_0UITests.swift in Sources */,
			);
			runOnlyForDeploymentPostprocessing = 0;
		};
/* End PBXSourcesBuildPhase section */

/* Begin PBXTargetDependency section */
		B012EA412559966400833672 /* PBXTargetDependency */ = {
			isa = PBXTargetDependency;
			target = B012EA282559966300833672 /* SlidAR11.0 */;
			targetProxy = B012EA402559966400833672 /* PBXContainerItemProxy */;
		};
		B012EA4C2559966400833672 /* PBXTargetDependency */ = {
			isa = PBXTargetDependency;
			target = B012EA282559966300833672 /* SlidAR11.0 */;
			targetProxy = B012EA4B2559966400833672 /* PBXContainerItemProxy */;
		};
/* End PBXTargetDependency section */

/* Begin PBXVariantGroup section */
		B012EA322559966300833672 /* Main.storyboard */ = {
			isa = PBXVariantGroup;
			children = (
				B012EA332559966300833672 /* Base */,
			);
			name = Main.storyboard;
			sourceTree = "<group>";
		};
		B012EA372559966400833672 /* LaunchScreen.storyboard */ = {
			isa = PBXVariantGroup;
			children = (
				B012EA382559966400833672 /* Base */,
			);
			name = LaunchScreen.storyboard;
			sourceTree = "<group>";
		};
/* End PBXVariantGroup section */

/* Begin XCBuildConfiguration section */
		B012EA512559966400833672 /* Debug */ = {
			isa = XCBuildConfiguration;
			buildSettings = {
				ALWAYS_SEARCH_USER_PATHS = NO;
				CLANG_ANALYZER_NONNULL = YES;
				CLANG_ANALYZER_NUMBER_OBJECT_CONVERSION = YES_AGGRESSIVE;
				CLANG_CXX_LANGUAGE_STANDARD = "gnu++14";
				CLANG_CXX_LIBRARY = "libc++";
				CLANG_ENABLE_MODULES = YES;
				CLANG_ENABLE_OBJC_ARC = YES;
				CLANG_ENABLE_OBJC_WEAK = YES;
				CLANG_WARN_BLOCK_CAPTURE_AUTORELEASING = YES;
				CLANG_WARN_BOOL_CONVERSION = YES;
				CLANG_WARN_COMMA = YES;
				CLANG_WARN_CONSTANT_CONVERSION = YES;
				CLANG_WARN_DEPRECATED_OBJC_IMPLEMENTATIONS = YES;
				CLANG_WARN_DIRECT_OBJC_ISA_USAGE = YES_ERROR;
				CLANG_WARN_DOCUMENTATION_COMMENTS = YES;
				CLANG_WARN_EMPTY_BODY = YES;
				CLANG_WARN_ENUM_CONVERSION = YES;
				CLANG_WARN_INFINITE_RECURSION = YES;
				CLANG_WARN_INT_CONVERSION = YES;
				CLANG_WARN_NON_LITERAL_NULL_CONVERSION = YES;
				CLANG_WARN_OBJC_IMPLICIT_RETAIN_SELF = YES;
				CLANG_WARN_OBJC_LITERAL_CONVERSION = YES;
				CLANG_WARN_OBJC_ROOT_CLASS = YES_ERROR;
				CLANG_WARN_QUOTED_INCLUDE_IN_FRAMEWORK_HEADER = YES;
				CLANG_WARN_RANGE_LOOP_ANALYSIS = YES;
				CLANG_WARN_STRICT_PROTOTYPES = YES;
				CLANG_WARN_SUSPICIOUS_MOVE = YES;
				CLANG_WARN_UNGUARDED_AVAILABILITY = YES_AGGRESSIVE;
				CLANG_WARN_UNREACHABLE_CODE = YES;
				CLANG_WARN__DUPLICATE_METHOD_MATCH = YES;
				COPY_PHASE_STRIP = NO;
				DEBUG_INFORMATION_FORMAT = dwarf;
				ENABLE_STRICT_OBJC_MSGSEND = YES;
				ENABLE_TESTABILITY = YES;
				GCC_C_LANGUAGE_STANDARD = gnu11;
				GCC_DYNAMIC_NO_PIC = NO;
				GCC_NO_COMMON_BLOCKS = YES;
				GCC_OPTIMIZATION_LEVEL = 0;
				GCC_PREPROCESSOR_DEFINITIONS = (
					"DEBUG=1",
					"$(inherited)",
				);
				GCC_WARN_64_TO_32_BIT_CONVERSION = YES;
				GCC_WARN_ABOUT_RETURN_TYPE = YES_ERROR;
				GCC_WARN_UNDECLARED_SELECTOR = YES;
				GCC_WARN_UNINITIALIZED_AUTOS = YES_AGGRESSIVE;
				GCC_WARN_UNUSED_FUNCTION = YES;
				GCC_WARN_UNUSED_VARIABLE = YES;
				IPHONEOS_DEPLOYMENT_TARGET = 14.3;
				MTL_ENABLE_DEBUG_INFO = INCLUDE_SOURCE;
				MTL_FAST_MATH = YES;
				ONLY_ACTIVE_ARCH = YES;
				SDKROOT = iphoneos;
				SWIFT_ACTIVE_COMPILATION_CONDITIONS = DEBUG;
				SWIFT_OPTIMIZATION_LEVEL = "-Onone";
			};
			name = Debug;
		};
		B012EA522559966400833672 /* Release */ = {
			isa = XCBuildConfiguration;
			buildSettings = {
				ALWAYS_SEARCH_USER_PATHS = NO;
				CLANG_ANALYZER_NONNULL = YES;
				CLANG_ANALYZER_NUMBER_OBJECT_CONVERSION = YES_AGGRESSIVE;
				CLANG_CXX_LANGUAGE_STANDARD = "gnu++14";
				CLANG_CXX_LIBRARY = "libc++";
				CLANG_ENABLE_MODULES = YES;
				CLANG_ENABLE_OBJC_ARC = YES;
				CLANG_ENABLE_OBJC_WEAK = YES;
				CLANG_WARN_BLOCK_CAPTURE_AUTORELEASING = YES;
				CLANG_WARN_BOOL_CONVERSION = YES;
				CLANG_WARN_COMMA = YES;
				CLANG_WARN_CONSTANT_CONVERSION = YES;
				CLANG_WARN_DEPRECATED_OBJC_IMPLEMENTATIONS = YES;
				CLANG_WARN_DIRECT_OBJC_ISA_USAGE = YES_ERROR;
				CLANG_WARN_DOCUMENTATION_COMMENTS = YES;
				CLANG_WARN_EMPTY_BODY = YES;
				CLANG_WARN_ENUM_CONVERSION = YES;
				CLANG_WARN_INFINITE_RECURSION = YES;
				CLANG_WARN_INT_CONVERSION = YES;
				CLANG_WARN_NON_LITERAL_NULL_CONVERSION = YES;
				CLANG_WARN_OBJC_IMPLICIT_RETAIN_SELF = YES;
				CLANG_WARN_OBJC_LITERAL_CONVERSION = YES;
				CLANG_WARN_OBJC_ROOT_CLASS = YES_ERROR;
				CLANG_WARN_QUOTED_INCLUDE_IN_FRAMEWORK_HEADER = YES;
				CLANG_WARN_RANGE_LOOP_ANALYSIS = YES;
				CLANG_WARN_STRICT_PROTOTYPES = YES;
				CLANG_WARN_SUSPICIOUS_MOVE = YES;
				CLANG_WARN_UNGUARDED_AVAILABILITY = YES_AGGRESSIVE;
				CLANG_WARN_UNREACHABLE_CODE = YES;
				CLANG_WARN__DUPLICATE_METHOD_MATCH = YES;
				COPY_PHASE_STRIP = NO;
				DEBUG_INFORMATION_FORMAT = "dwarf-with-dsym";
				ENABLE_NS_ASSERTIONS = NO;
				ENABLE_STRICT_OBJC_MSGSEND = YES;
				GCC_C_LANGUAGE_STANDARD = gnu11;
				GCC_NO_COMMON_BLOCKS = YES;
				GCC_WARN_64_TO_32_BIT_CONVERSION = YES;
				GCC_WARN_ABOUT_RETURN_TYPE = YES_ERROR;
				GCC_WARN_UNDECLARED_SELECTOR = YES;
				GCC_WARN_UNINITIALIZED_AUTOS = YES_AGGRESSIVE;
				GCC_WARN_UNUSED_FUNCTION = YES;
				GCC_WARN_UNUSED_VARIABLE = YES;
				IPHONEOS_DEPLOYMENT_TARGET = 14.3;
				MTL_ENABLE_DEBUG_INFO = NO;
				MTL_FAST_MATH = YES;
				SDKROOT = iphoneos;
				SWIFT_COMPILATION_MODE = wholemodule;
				SWIFT_OPTIMIZATION_LEVEL = "-O";
				VALIDATE_PRODUCT = YES;
			};
			name = Release;
		};
		B012EA542559966400833672 /* Debug */ = {
			isa = XCBuildConfiguration;
			buildSettings = {
				ASSETCATALOG_COMPILER_APPICON_NAME = AppIcon;
				ASSETCATALOG_COMPILER_GLOBAL_ACCENT_COLOR_NAME = AccentColor;
				CODE_SIGN_STYLE = Automatic;
				DEVELOPMENT_TEAM = 338PGAGHYP;
				INFOPLIST_FILE = SlidAR11.0/Info.plist;
				LD_RUNPATH_SEARCH_PATHS = (
					"$(inherited)",
					"@executable_path/Frameworks",
				);
				PRODUCT_BUNDLE_IDENTIFIER = czh.hello;
				PRODUCT_NAME = "$(TARGET_NAME)";
				SWIFT_VERSION = 5.0;
				TARGETED_DEVICE_FAMILY = "1,2";
			};
			name = Debug;
		};
		B012EA552559966400833672 /* Release */ = {
			isa = XCBuildConfiguration;
			buildSettings = {
				ASSETCATALOG_COMPILER_APPICON_NAME = AppIcon;
				ASSETCATALOG_COMPILER_GLOBAL_ACCENT_COLOR_NAME = AccentColor;
				CODE_SIGN_STYLE = Automatic;
				DEVELOPMENT_TEAM = 338PGAGHYP;
				INFOPLIST_FILE = SlidAR11.0/Info.plist;
				LD_RUNPATH_SEARCH_PATHS = (
					"$(inherited)",
					"@executable_path/Frameworks",
				);
				PRODUCT_BUNDLE_IDENTIFIER = czh.hello;
				PRODUCT_NAME = "$(TARGET_NAME)";
				SWIFT_VERSION = 5.0;
				TARGETED_DEVICE_FAMILY = "1,2";
			};
			name = Release;
		};
		B012EA572559966400833672 /* Debug */ = {
			isa = XCBuildConfiguration;
			buildSettings = {
				ALWAYS_EMBED_SWIFT_STANDARD_LIBRARIES = YES;
				BUNDLE_LOADER = "$(TEST_HOST)";
				CODE_SIGN_STYLE = Automatic;
				DEVELOPMENT_TEAM = 338PGAGHYP;
				INFOPLIST_FILE = SlidAR11.0Tests/Info.plist;
				IPHONEOS_DEPLOYMENT_TARGET = 14.2;
				LD_RUNPATH_SEARCH_PATHS = (
					"$(inherited)",
					"@executable_path/Frameworks",
					"@loader_path/Frameworks",
				);
				PRODUCT_BUNDLE_IDENTIFIER = "czh.SlidAR11-0Tests";
				PRODUCT_NAME = "$(TARGET_NAME)";
				SWIFT_VERSION = 5.0;
				TARGETED_DEVICE_FAMILY = "1,2";
				TEST_HOST = "$(BUILT_PRODUCTS_DIR)/SlidAR11.0.app/SlidAR11.0";
			};
			name = Debug;
		};
		B012EA582559966400833672 /* Release */ = {
			isa = XCBuildConfiguration;
			buildSettings = {
				ALWAYS_EMBED_SWIFT_STANDARD_LIBRARIES = YES;
				BUNDLE_LOADER = "$(TEST_HOST)";
				CODE_SIGN_STYLE = Automatic;
				DEVELOPMENT_TEAM = 338PGAGHYP;
				INFOPLIST_FILE = SlidAR11.0Tests/Info.plist;
				IPHONEOS_DEPLOYMENT_TARGET = 14.2;
				LD_RUNPATH_SEARCH_PATHS = (
					"$(inherited)",
					"@executable_path/Frameworks",
					"@loader_path/Frameworks",
				);
				PRODUCT_BUNDLE_IDENTIFIER = "czh.SlidAR11-0Tests";
				PRODUCT_NAME = "$(TARGET_NAME)";
				SWIFT_VERSION = 5.0;
				TARGETED_DEVICE_FAMILY = "1,2";
				TEST_HOST = "$(BUILT_PRODUCTS_DIR)/SlidAR11.0.app/SlidAR11.0";
			};
			name = Release;
		};
		B012EA5A2559966400833672 /* Debug */ = {
			isa = XCBuildConfiguration;
			buildSettings = {
				ALWAYS_EMBED_SWIFT_STANDARD_LIBRARIES = YES;
				CODE_SIGN_STYLE = Automatic;
				DEVELOPMENT_TEAM = 338PGAGHYP;
				INFOPLIST_FILE = SlidAR11.0UITests/Info.plist;
				LD_RUNPATH_SEARCH_PATHS = (
					"$(inherited)",
					"@executable_path/Frameworks",
					"@loader_path/Frameworks",
				);
				PRODUCT_BUNDLE_IDENTIFIER = "czh.SlidAR11-0UITests";
				PRODUCT_NAME = "$(TARGET_NAME)";
				SWIFT_VERSION = 5.0;
				TARGETED_DEVICE_FAMILY = "1,2";
				TEST_TARGET_NAME = SlidAR11.0;
			};
			name = Debug;
		};
		B012EA5B2559966400833672 /* Release */ = {
			isa = XCBuildConfiguration;
			buildSettings = {
				ALWAYS_EMBED_SWIFT_STANDARD_LIBRARIES = YES;
				CODE_SIGN_STYLE = Automatic;
				DEVELOPMENT_TEAM = 338PGAGHYP;
				INFOPLIST_FILE = SlidAR11.0UITests/Info.plist;
				LD_RUNPATH_SEARCH_PATHS = (
					"$(inherited)",
					"@executable_path/Frameworks",
					"@loader_path/Frameworks",
				);
				PRODUCT_BUNDLE_IDENTIFIER = "czh.SlidAR11-0UITests";
				PRODUCT_NAME = "$(TARGET_NAME)";
				SWIFT_VERSION = 5.0;
				TARGETED_DEVICE_FAMILY = "1,2";
				TEST_TARGET_NAME = SlidAR11.0;
			};
			name = Release;
		};
/* End XCBuildConfiguration section */

/* Begin XCConfigurationList section */
		B012EA242559966300833672 /* Build configuration list for PBXProject "SlidAR11.0" */ = {
			isa = XCConfigurationList;
			buildConfigurations = (
				B012EA512559966400833672 /* Debug */,
				B012EA522559966400833672 /* Release */,
			);
			defaultConfigurationIsVisible = 0;
			defaultConfigurationName = Release;
		};
		B012EA532559966400833672 /* Build configuration list for PBXNativeTarget "SlidAR11.0" */ = {
			isa = XCConfigurationList;
			buildConfigurations = (
				B012EA542559966400833672 /* Debug */,
				B012EA552559966400833672 /* Release */,
			);
			defaultConfigurationIsVisible = 0;
			defaultConfigurationName = Release;
		};
		B012EA562559966400833672 /* Build configuration list for PBXNativeTarget "SlidAR11.0Tests" */ = {
			isa = XCConfigurationList;
			buildConfigurations = (
				B012EA572559966400833672 /* Debug */,
				B012EA582559966400833672 /* Release */,
			);
			defaultConfigurationIsVisible = 0;
			defaultConfigurationName = Release;
		};
		B012EA592559966400833672 /* Build configuration list for PBXNativeTarget "SlidAR11.0UITests" */ = {
			isa = XCConfigurationList;
			buildConfigurations = (
				B012EA5A2559966400833672 /* Debug */,
				B012EA5B2559966400833672 /* Release */,
			);
			defaultConfigurationIsVisible = 0;
			defaultConfigurationName = Release;
		};
/* End XCConfigurationList section */
	};
	rootObject = B012EA212559966300833672 /* Project object */;
}
